
Microsoft Visual Studio Solution File, Format Version 12.00
# Visual Studio 14
VisualStudioVersion = 14.0.25420.1
MinimumVisualStudioVersion = 10.0.40219.1
Project("{8BC9CEB8-8B4A-11D0-8D11-00A0C91BC942}") = "game_robcows", "game_robcows.vcxproj", "{EAB03822-E4C8-4BAC-8002-37A021DCACE8}"
EndProject
Global
	GlobalSection(SolutionConfigurationPlatforms) = preSolution
		Debug|ARM = Debug|ARM
		Debug|Win32 = Debug|Win32
		Debug|x64 = Debug|x64
		Release|ARM = Release|ARM
		Release|Win32 = Release|Win32
		Release|x64 = Release|x64
	EndGlobalSection
	GlobalSection(ProjectConfigurationPlatforms) = postSolution
		{EAB03822-E4C8-4BAC-8002-37A021DCACE8}.Debug|ARM.ActiveCfg = Debug|ARM
		{EAB03822-E4C8-4BAC-8002-37A021DCACE8}.Debug|ARM.Build.0 = Debug|ARM
		{EAB03822-E4C8-4BAC-8002-37A021DCACE8}.Debug|Win32.ActiveCfg = Debug|Win32
		{EAB03822-E4C8-4BAC-8002-37A021DCACE8}.Debug|Win32.Build.0 = Debug|Win32
		{EAB03822-E4C8-4BAC-8002-37A021DCACE8}.Debug|x64.ActiveCfg = Debug|x64
		{EAB03822-E4C8-4BAC-8002-37A021DCACE8}.Debug|x64.Build.0 = Debug|x64
		{EAB03822-E4C8-4BAC-8002-37A021DCACE8}.Release|ARM.ActiveCfg = Release|ARM
		{EAB03822-E4C8-4BAC-8002-37A021DCACE8}.Release|ARM.Build.0 = Release|ARM
		{EAB03822-E4C8-4BAC-8002-37A021DCACE8}.Release|Win32.ActiveCfg = Release|Win32
		{EAB03822-E4C8-4BAC-8002-37A021DCACE8}.Release|Win32.Build.0 = Release|Win32
		{EAB03822-E4C8-4BAC-8002-37A021DCACE8}.Release|x64.ActiveCfg = Release|x64
		{EAB03822-E4C8-4BAC-8002-37A021DCACE8}.Release|x64.Build.0 = Release|x64
	EndGlobalSection
	GlobalSection(SolutionProperties) = preSolution
		HideSolutionNode = FALSE
	EndGlobalSection
EndGlobal
