
Microsoft Visual Studio Solution File, Format Version 12.00
# Visual Studio 14
VisualStudioVersion = 14.0.25420.1
MinimumVisualStudioVersion = 10.0.40219.1
Project("{8BC9CEB8-8B4A-11D0-8D11-00A0C91BC942}") = "world", "world.vcxproj", "{0CEAA373-35FA-4653-8C0E-1A59ED3D850C}"
	ProjectSection(ProjectDependencies) = postProject
		{5B8D91CF-72C8-4D7E-A91E-3E28F5CEDA32} = {5B8D91CF-72C8-4D7E-A91E-3E28F5CEDA32}
	EndProjectSection
EndProject
Project("{2150E333-8FDC-42A3-9474-1A3956D46DE8}") = "servers", "servers", "{AF045080-B6E8-4775-958E-E1562A61ABA3}"
EndProject
Project("{8BC9CEB8-8B4A-11D0-8D11-00A0C91BC942}") = "protocol", "protocol.vcxproj", "{5B8D91CF-72C8-4D7E-A91E-3E28F5CEDA32}"
EndProject
Project("{2150E333-8FDC-42A3-9474-1A3956D46DE8}") = "lib", "lib", "{5B7D0BA7-EB8A-44D9-9253-914D22E60415}"
EndProject
Project("{2150E333-8FDC-42A3-9474-1A3956D46DE8}") = "games", "games", "{77957545-8D8B-45D7-BA46-BA9DEBE7A249}"
EndProject
Project("{8BC9CEB8-8B4A-11D0-8D11-00A0C91BC942}") = "game_cows", "..\games\game_cows\game_cows.vcxproj", "{57920BF0-594C-4A96-B25C-40295FCA77F1}"
EndProject
Project("{8BC9CEB8-8B4A-11D0-8D11-00A0C91BC942}") = "game_example", "..\games\game_example\game_example.vcxproj", "{7744C50A-E882-4259-B006-84F331D961C7}"
EndProject
Project("{8BC9CEB8-8B4A-11D0-8D11-00A0C91BC942}") = "game_fishlord", "..\games\game_fishlord\game_fishlord.vcxproj", "{5389980F-81F1-4594-91B7-F079C67E804A}"
EndProject
Project("{8BC9CEB8-8B4A-11D0-8D11-00A0C91BC942}") = "game_zjh", "..\games\game_zjh\game_zjh.vcxproj", "{390CA2C4-D774-407F-A8DD-4DBE684CDE51}"
EndProject
Project("{8BC9CEB8-8B4A-11D0-8D11-00A0C91BC942}") = "game_robcows", "..\games\game_robcows\game_robcows.vcxproj", "{EAB03822-E4C8-4BAC-8002-37A021DCACE8}"
EndProject
Project("{8BC9CEB8-8B4A-11D0-8D11-00A0C91BC942}") = "game_bmw", "..\games\game_bmw\game_bmw.vcxproj", "{031E42E4-D897-44CC-A04C-2C462ECD0F47}"
EndProject
Global
	GlobalSection(SolutionConfigurationPlatforms) = preSolution
		Debug|ARM = Debug|ARM
		Debug|Mixed Platforms = Debug|Mixed Platforms
		Debug|Win32 = Debug|Win32
		Debug|x64 = Debug|x64
		Release|ARM = Release|ARM
		Release|Mixed Platforms = Release|Mixed Platforms
		Release|Win32 = Release|Win32
		Release|x64 = Release|x64
	EndGlobalSection
	GlobalSection(ProjectConfigurationPlatforms) = postSolution
		{0CEAA373-35FA-4653-8C0E-1A59ED3D850C}.Debug|ARM.ActiveCfg = Debug|Win32
		{0CEAA373-35FA-4653-8C0E-1A59ED3D850C}.Debug|Mixed Platforms.ActiveCfg = Debug|Win32
		{0CEAA373-35FA-4653-8C0E-1A59ED3D850C}.Debug|Mixed Platforms.Build.0 = Debug|Win32
		{0CEAA373-35FA-4653-8C0E-1A59ED3D850C}.Debug|Win32.ActiveCfg = Debug|Win32
		{0CEAA373-35FA-4653-8C0E-1A59ED3D850C}.Debug|Win32.Build.0 = Debug|Win32
		{0CEAA373-35FA-4653-8C0E-1A59ED3D850C}.Debug|x64.ActiveCfg = Debug|x64
		{0CEAA373-35FA-4653-8C0E-1A59ED3D850C}.Debug|x64.Build.0 = Debug|x64
		{0CEAA373-35FA-4653-8C0E-1A59ED3D850C}.Release|ARM.ActiveCfg = Release|Win32
		{0CEAA373-35FA-4653-8C0E-1A59ED3D850C}.Release|Mixed Platforms.ActiveCfg = Release|Win32
		{0CEAA373-35FA-4653-8C0E-1A59ED3D850C}.Release|Mixed Platforms.Build.0 = Release|Win32
		{0CEAA373-35FA-4653-8C0E-1A59ED3D850C}.Release|Win32.ActiveCfg = Release|Win32
		{0CEAA373-35FA-4653-8C0E-1A59ED3D850C}.Release|Win32.Build.0 = Release|Win32
		{0CEAA373-35FA-4653-8C0E-1A59ED3D850C}.Release|x64.ActiveCfg = Release|x64
		{0CEAA373-35FA-4653-8C0E-1A59ED3D850C}.Release|x64.Build.0 = Release|x64
		{5B8D91CF-72C8-4D7E-A91E-3E28F5CEDA32}.Debug|ARM.ActiveCfg = Debug|Win32
		{5B8D91CF-72C8-4D7E-A91E-3E28F5CEDA32}.Debug|Mixed Platforms.ActiveCfg = Debug|Win32
		{5B8D91CF-72C8-4D7E-A91E-3E28F5CEDA32}.Debug|Mixed Platforms.Build.0 = Debug|Win32
		{5B8D91CF-72C8-4D7E-A91E-3E28F5CEDA32}.Debug|Win32.ActiveCfg = Debug|Win32
		{5B8D91CF-72C8-4D7E-A91E-3E28F5CEDA32}.Debug|Win32.Build.0 = Debug|Win32
		{5B8D91CF-72C8-4D7E-A91E-3E28F5CEDA32}.Debug|x64.ActiveCfg = Debug|x64
		{5B8D91CF-72C8-4D7E-A91E-3E28F5CEDA32}.Debug|x64.Build.0 = Debug|x64
		{5B8D91CF-72C8-4D7E-A91E-3E28F5CEDA32}.Release|ARM.ActiveCfg = Release|Win32
		{5B8D91CF-72C8-4D7E-A91E-3E28F5CEDA32}.Release|Mixed Platforms.ActiveCfg = Release|Win32
		{5B8D91CF-72C8-4D7E-A91E-3E28F5CEDA32}.Release|Mixed Platforms.Build.0 = Release|Win32
		{5B8D91CF-72C8-4D7E-A91E-3E28F5CEDA32}.Release|Win32.ActiveCfg = Release|Win32
		{5B8D91CF-72C8-4D7E-A91E-3E28F5CEDA32}.Release|Win32.Build.0 = Release|Win32
		{5B8D91CF-72C8-4D7E-A91E-3E28F5CEDA32}.Release|x64.ActiveCfg = Release|x64
		{5B8D91CF-72C8-4D7E-A91E-3E28F5CEDA32}.Release|x64.Build.0 = Release|x64
		{57920BF0-594C-4A96-B25C-40295FCA77F1}.Debug|ARM.ActiveCfg = Debug|ARM
		{57920BF0-594C-4A96-B25C-40295FCA77F1}.Debug|ARM.Build.0 = Debug|ARM
		{57920BF0-594C-4A96-B25C-40295FCA77F1}.Debug|Mixed Platforms.ActiveCfg = Debug|Win32
		{57920BF0-594C-4A96-B25C-40295FCA77F1}.Debug|Mixed Platforms.Build.0 = Debug|Win32
		{57920BF0-594C-4A96-B25C-40295FCA77F1}.Debug|Win32.ActiveCfg = Debug|Win32
		{57920BF0-594C-4A96-B25C-40295FCA77F1}.Debug|Win32.Build.0 = Debug|Win32
		{57920BF0-594C-4A96-B25C-40295FCA77F1}.Debug|x64.ActiveCfg = Debug|x64
		{57920BF0-594C-4A96-B25C-40295FCA77F1}.Debug|x64.Build.0 = Debug|x64
		{57920BF0-594C-4A96-B25C-40295FCA77F1}.Release|ARM.ActiveCfg = Release|ARM
		{57920BF0-594C-4A96-B25C-40295FCA77F1}.Release|ARM.Build.0 = Release|ARM
		{57920BF0-594C-4A96-B25C-40295FCA77F1}.Release|Mixed Platforms.ActiveCfg = Release|Win32
		{57920BF0-594C-4A96-B25C-40295FCA77F1}.Release|Mixed Platforms.Build.0 = Release|Win32
		{57920BF0-594C-4A96-B25C-40295FCA77F1}.Release|Win32.ActiveCfg = Release|Win32
		{57920BF0-594C-4A96-B25C-40295FCA77F1}.Release|Win32.Build.0 = Release|Win32
		{57920BF0-594C-4A96-B25C-40295FCA77F1}.Release|x64.ActiveCfg = Release|x64
		{57920BF0-594C-4A96-B25C-40295FCA77F1}.Release|x64.Build.0 = Release|x64
		{7744C50A-E882-4259-B006-84F331D961C7}.Debug|ARM.ActiveCfg = Debug|ARM
		{7744C50A-E882-4259-B006-84F331D961C7}.Debug|ARM.Build.0 = Debug|ARM
		{7744C50A-E882-4259-B006-84F331D961C7}.Debug|Mixed Platforms.ActiveCfg = Debug|Win32
		{7744C50A-E882-4259-B006-84F331D961C7}.Debug|Win32.ActiveCfg = Debug|Win32
		{7744C50A-E882-4259-B006-84F331D961C7}.Debug|Win32.Build.0 = Debug|Win32
		{7744C50A-E882-4259-B006-84F331D961C7}.Debug|x64.ActiveCfg = Debug|x64
		{7744C50A-E882-4259-B006-84F331D961C7}.Release|ARM.ActiveCfg = Release|ARM
		{7744C50A-E882-4259-B006-84F331D961C7}.Release|ARM.Build.0 = Release|ARM
		{7744C50A-E882-4259-B006-84F331D961C7}.Release|Mixed Platforms.ActiveCfg = Release|Win32
		{7744C50A-E882-4259-B006-84F331D961C7}.Release|Mixed Platforms.Build.0 = Release|Win32
		{7744C50A-E882-4259-B006-84F331D961C7}.Release|Win32.ActiveCfg = Release|Win32
		{7744C50A-E882-4259-B006-84F331D961C7}.Release|Win32.Build.0 = Release|Win32
		{7744C50A-E882-4259-B006-84F331D961C7}.Release|x64.ActiveCfg = Release|x64
		{5389980F-81F1-4594-91B7-F079C67E804A}.Debug|ARM.ActiveCfg = Debug|ARM
		{5389980F-81F1-4594-91B7-F079C67E804A}.Debug|ARM.Build.0 = Debug|ARM
		{5389980F-81F1-4594-91B7-F079C67E804A}.Debug|Mixed Platforms.ActiveCfg = Debug|Win32
		{5389980F-81F1-4594-91B7-F079C67E804A}.Debug|Mixed Platforms.Build.0 = Debug|Win32
		{5389980F-81F1-4594-91B7-F079C67E804A}.Debug|Win32.ActiveCfg = Debug|Win32
		{5389980F-81F1-4594-91B7-F079C67E804A}.Debug|Win32.Build.0 = Debug|Win32
		{5389980F-81F1-4594-91B7-F079C67E804A}.Debug|x64.ActiveCfg = Debug|x64
		{5389980F-81F1-4594-91B7-F079C67E804A}.Debug|x64.Build.0 = Debug|x64
		{5389980F-81F1-4594-91B7-F079C67E804A}.Release|ARM.ActiveCfg = Release|ARM
		{5389980F-81F1-4594-91B7-F079C67E804A}.Release|ARM.Build.0 = Release|ARM
		{5389980F-81F1-4594-91B7-F079C67E804A}.Release|Mixed Platforms.ActiveCfg = Release|Win32
		{5389980F-81F1-4594-91B7-F079C67E804A}.Release|Mixed Platforms.Build.0 = Release|Win32
		{5389980F-81F1-4594-91B7-F079C67E804A}.Release|Win32.ActiveCfg = Release|Win32
		{5389980F-81F1-4594-91B7-F079C67E804A}.Release|Win32.Build.0 = Release|Win32
		{5389980F-81F1-4594-91B7-F079C67E804A}.Release|x64.ActiveCfg = Release|x64
		{5389980F-81F1-4594-91B7-F079C67E804A}.Release|x64.Build.0 = Release|x64
		{390CA2C4-D774-407F-A8DD-4DBE684CDE51}.Debug|ARM.ActiveCfg = Debug|ARM
		{390CA2C4-D774-407F-A8DD-4DBE684CDE51}.Debug|ARM.Build.0 = Debug|ARM
		{390CA2C4-D774-407F-A8DD-4DBE684CDE51}.Debug|Mixed Platforms.ActiveCfg = Debug|Win32
		{390CA2C4-D774-407F-A8DD-4DBE684CDE51}.Debug|Mixed Platforms.Build.0 = Debug|Win32
		{390CA2C4-D774-407F-A8DD-4DBE684CDE51}.Debug|Win32.ActiveCfg = Debug|Win32
		{390CA2C4-D774-407F-A8DD-4DBE684CDE51}.Debug|Win32.Build.0 = Debug|Win32
		{390CA2C4-D774-407F-A8DD-4DBE684CDE51}.Debug|x64.ActiveCfg = Debug|x64
		{390CA2C4-D774-407F-A8DD-4DBE684CDE51}.Debug|x64.Build.0 = Debug|x64
		{390CA2C4-D774-407F-A8DD-4DBE684CDE51}.Release|ARM.ActiveCfg = Release|ARM
		{390CA2C4-D774-407F-A8DD-4DBE684CDE51}.Release|ARM.Build.0 = Release|ARM
		{390CA2C4-D774-407F-A8DD-4DBE684CDE51}.Release|Mixed Platforms.ActiveCfg = Release|Win32
		{390CA2C4-D774-407F-A8DD-4DBE684CDE51}.Release|Mixed Platforms.Build.0 = Release|Win32
		{390CA2C4-D774-407F-A8DD-4DBE684CDE51}.Release|Win32.ActiveCfg = Release|Win32
		{390CA2C4-D774-407F-A8DD-4DBE684CDE51}.Release|Win32.Build.0 = Release|Win32
		{390CA2C4-D774-407F-A8DD-4DBE684CDE51}.Release|x64.ActiveCfg = Release|x64
		{390CA2C4-D774-407F-A8DD-4DBE684CDE51}.Release|x64.Build.0 = Release|x64
		{EAB03822-E4C8-4BAC-8002-37A021DCACE8}.Debug|ARM.ActiveCfg = Debug|ARM
		{EAB03822-E4C8-4BAC-8002-37A021DCACE8}.Debug|ARM.Build.0 = Debug|ARM
		{EAB03822-E4C8-4BAC-8002-37A021DCACE8}.Debug|Mixed Platforms.ActiveCfg = Debug|Win32
		{EAB03822-E4C8-4BAC-8002-37A021DCACE8}.Debug|Mixed Platforms.Build.0 = Debug|Win32
		{EAB03822-E4C8-4BAC-8002-37A021DCACE8}.Debug|Win32.ActiveCfg = Debug|Win32
		{EAB03822-E4C8-4BAC-8002-37A021DCACE8}.Debug|Win32.Build.0 = Debug|Win32
		{EAB03822-E4C8-4BAC-8002-37A021DCACE8}.Debug|x64.ActiveCfg = Debug|x64
		{EAB03822-E4C8-4BAC-8002-37A021DCACE8}.Debug|x64.Build.0 = Debug|x64
		{EAB03822-E4C8-4BAC-8002-37A021DCACE8}.Release|ARM.ActiveCfg = Release|ARM
		{EAB03822-E4C8-4BAC-8002-37A021DCACE8}.Release|ARM.Build.0 = Release|ARM
		{EAB03822-E4C8-4BAC-8002-37A021DCACE8}.Release|Mixed Platforms.ActiveCfg = Release|Win32
		{EAB03822-E4C8-4BAC-8002-37A021DCACE8}.Release|Mixed Platforms.Build.0 = Release|Win32
		{EAB03822-E4C8-4BAC-8002-37A021DCACE8}.Release|Win32.ActiveCfg = Release|Win32
		{EAB03822-E4C8-4BAC-8002-37A021DCACE8}.Release|Win32.Build.0 = Release|Win32
		{EAB03822-E4C8-4BAC-8002-37A021DCACE8}.Release|x64.ActiveCfg = Release|x64
		{EAB03822-E4C8-4BAC-8002-37A021DCACE8}.Release|x64.Build.0 = Release|x64
		{031E42E4-D897-44CC-A04C-2C462ECD0F47}.Debug|ARM.ActiveCfg = Debug|ARM
		{031E42E4-D897-44CC-A04C-2C462ECD0F47}.Debug|ARM.Build.0 = Debug|ARM
		{031E42E4-D897-44CC-A04C-2C462ECD0F47}.Debug|Mixed Platforms.ActiveCfg = Debug|Win32
		{031E42E4-D897-44CC-A04C-2C462ECD0F47}.Debug|Mixed Platforms.Build.0 = Debug|Win32
		{031E42E4-D897-44CC-A04C-2C462ECD0F47}.Debug|Win32.ActiveCfg = Debug|Win32
		{031E42E4-D897-44CC-A04C-2C462ECD0F47}.Debug|Win32.Build.0 = Debug|Win32
		{031E42E4-D897-44CC-A04C-2C462ECD0F47}.Debug|x64.ActiveCfg = Debug|x64
		{031E42E4-D897-44CC-A04C-2C462ECD0F47}.Debug|x64.Build.0 = Debug|x64
		{031E42E4-D897-44CC-A04C-2C462ECD0F47}.Release|ARM.ActiveCfg = Release|ARM
		{031E42E4-D897-44CC-A04C-2C462ECD0F47}.Release|ARM.Build.0 = Release|ARM
		{031E42E4-D897-44CC-A04C-2C462ECD0F47}.Release|Mixed Platforms.ActiveCfg = Release|Win32
		{031E42E4-D897-44CC-A04C-2C462ECD0F47}.Release|Mixed Platforms.Build.0 = Release|Win32
		{031E42E4-D897-44CC-A04C-2C462ECD0F47}.Release|Win32.ActiveCfg = Release|Win32
		{031E42E4-D897-44CC-A04C-2C462ECD0F47}.Release|Win32.Build.0 = Release|Win32
		{031E42E4-D897-44CC-A04C-2C462ECD0F47}.Release|x64.ActiveCfg = Release|x64
		{031E42E4-D897-44CC-A04C-2C462ECD0F47}.Release|x64.Build.0 = Release|x64
	EndGlobalSection
	GlobalSection(SolutionProperties) = preSolution
		HideSolutionNode = FALSE
	EndGlobalSection
	GlobalSection(NestedProjects) = preSolution
		{0CEAA373-35FA-4653-8C0E-1A59ED3D850C} = {AF045080-B6E8-4775-958E-E1562A61ABA3}
		{5B8D91CF-72C8-4D7E-A91E-3E28F5CEDA32} = {5B7D0BA7-EB8A-44D9-9253-914D22E60415}
		{57920BF0-594C-4A96-B25C-40295FCA77F1} = {77957545-8D8B-45D7-BA46-BA9DEBE7A249}
		{7744C50A-E882-4259-B006-84F331D961C7} = {77957545-8D8B-45D7-BA46-BA9DEBE7A249}
		{5389980F-81F1-4594-91B7-F079C67E804A} = {77957545-8D8B-45D7-BA46-BA9DEBE7A249}
		{390CA2C4-D774-407F-A8DD-4DBE684CDE51} = {77957545-8D8B-45D7-BA46-BA9DEBE7A249}
		{EAB03822-E4C8-4BAC-8002-37A021DCACE8} = {77957545-8D8B-45D7-BA46-BA9DEBE7A249}
		{031E42E4-D897-44CC-A04C-2C462ECD0F47} = {77957545-8D8B-45D7-BA46-BA9DEBE7A249}
	EndGlobalSection
EndGlobal
